<?xml version="1.0" encoding="utf-8"?>
<Project ToolsVersion="4.0" xmlns="http://schemas.microsoft.com/developer/msbuild/2003">
  <ItemGroup>
    <Filter Include="Source Files">
      <UniqueIdentifier>{4FC737F1-C7A5-4376-A066-2A32D752A2FF}</UniqueIdentifier>
      <Extensions>cpp;c;cc;cxx;def;odl;idl;hpj;bat;asm;asmx</Extensions>
    </Filter>
    <Filter Include="Header Files">
      <UniqueIdentifier>{93995380-89BD-4b04-88EB-625FBE52EBFB}</UniqueIdentifier>
      <Extensions>h;hh;hpp;hxx;hm;inl;inc;ipp;xsd</Extensions>
    </Filter>
    <Filter Include="Resource Files">
      <UniqueIdentifier>{67DA6AB6-F800-4c08-8B7A-83BB121AAD01}</UniqueIdentifier>
      <Extensions>rc;ico;cur;bmp;dlg;rc2;rct;bin;rgs;gif;jpg;jpeg;jpe;resx;tiff;tif;png;wav;mfcribbon-ms</Extensions>
    </Filter>
    <Filter Include="inis">
      <UniqueIdentifier>{88f1b6c6-af29-404f-809d-7c00a3f64057}</UniqueIdentifier>
    </Filter>
    <Filter Include="inis\bitmaps">
      <UniqueIdentifier>{953762ee-6436-4cfa-9dda-22fc8dbdb6eb}</UniqueIdentifier>
    </Filter>
    <Filter Include="inis\shapes">
      <UniqueIdentifier>{ff54c9f0-d403-4cb5-8310-dac2efdd9ddc}</UniqueIdentifier>
    </Filter>
    <Filter Include="archives">
      <UniqueIdentifier>{095a6d46-91de-497a-8a89-cb59269f5869}</UniqueIdentifier>
    </Filter>
    <Filter Include="inis\icons">
      <UniqueIdentifier>{17de7b85-bad1-46aa-b772-2a8241296f71}</UniqueIdentifier>
    </Filter>
    <Filter Include="inis\sound">
      <UniqueIdentifier>{c71fd096-284c-4716-9b0e-d1ef5c665a8a}</UniqueIdentifier>
    </Filter>
    <Filter Include="records">
      <UniqueIdentifier>{e211903a-5f75-4c7d-9c70-407196e42903}</UniqueIdentifier>
    </Filter>
    <Filter Include="Source Files\Dialog">
      <UniqueIdentifier>{388cc976-da3e-4411-b0bd-89c64a4de5e4}</UniqueIdentifier>
    </Filter>
    <Filter Include="Header Files\Dialog">
      <UniqueIdentifier>{00933298-ee83-4785-a923-3ec56904339a}</UniqueIdentifier>
    </Filter>
    <Filter Include="Header Files\Interface">
      <UniqueIdentifier>{3ad25809-06ed-49b4-97e9-ac593577c75c}</UniqueIdentifier>
    </Filter>
    <Filter Include="Header Files\base">
      <UniqueIdentifier>{43d7954d-24d3-4931-a4cd-0a82238e715d}</UniqueIdentifier>
    </Filter>
    <Filter Include="Source Files\base">
      <UniqueIdentifier>{0994e18d-0ba0-4a75-9ca3-1cbb84b46857}</UniqueIdentifier>
    </Filter>
  </ItemGroup>
  <ItemGroup>
    <ClInclude Include="framework.h">
      <Filter>Header Files</Filter>
    </ClInclude>
    <ClInclude Include="targetver.h">
      <Filter>Header Files</Filter>
    </ClInclude>
    <ClInclude Include="Resource.h">
      <Filter>Header Files</Filter>
    </ClInclude>
    <ClInclude Include="Tetris.hpp">
      <Filter>Header Files</Filter>
    </ClInclude>
    <ClInclude Include="Configuration.hpp">
      <Filter>Header Files</Filter>
    </ClInclude>
    <ClInclude Include="Controller.hpp">
      <Filter>Header Files</Filter>
    </ClInclude>
    <ClInclude Include="Drawer.hpp">
      <Filter>Header Files</Filter>
    </ClInclude>
    <ClInclude Include="TetrisShape.hpp">
      <Filter>Header Files</Filter>
    </ClInclude>
    <ClInclude Include="TetrisType.hpp">
      <Filter>Header Files</Filter>
    </ClInclude>
    <ClInclude Include="Utility.hpp">
      <Filter>Header Files</Filter>
    </ClInclude>
    <ClInclude Include="GameFrame.hpp">
      <Filter>Header Files</Filter>
    </ClInclude>
    <ClInclude Include="Mass.hpp">
      <Filter>Header Files</Filter>
    </ClInclude>
    <ClInclude Include="Archive.hpp">
      <Filter>Header Files</Filter>
    </ClInclude>
    <ClInclude Include="Frame.hpp">
      <Filter>Header Files</Filter>
    </ClInclude>
    <ClInclude Include="UnitFrame.hpp">
      <Filter>Header Files</Filter>
    </ClInclude>
    <ClInclude Include="PromptFrame.hpp">
      <Filter>Header Files</Filter>
    </ClInclude>
    <ClInclude Include="InfoFrame.hpp">
      <Filter>Header Files</Filter>
    </ClInclude>
    <ClInclude Include="Background.hpp">
      <Filter>Header Files</Filter>
    </ClInclude>
    <ClInclude Include="Level.hpp">
      <Filter>Header Files</Filter>
    </ClInclude>
    <ClInclude Include="AnimatedGifPoller.hpp">
      <Filter>Header Files</Filter>
    </ClInclude>
    <ClInclude Include="Music.hpp">
      <Filter>Header Files</Filter>
    </ClInclude>
    <ClInclude Include="Musician.hpp">
      <Filter>Header Files</Filter>
    </ClInclude>
    <ClInclude Include="RenderMode.hpp">
      <Filter>Header Files</Filter>
    </ClInclude>
    <ClInclude Include="Recorder.hpp">
      <Filter>Header Files</Filter>
    </ClInclude>
    <ClInclude Include="BinarySerializer.h">
      <Filter>Header Files</Filter>
    </ClInclude>
    <ClInclude Include="LoadDialog.hpp">
      <Filter>Header Files\Dialog</Filter>
    </ClInclude>
    <ClInclude Include="SaveDialog.hpp">
      <Filter>Header Files\Dialog</Filter>
    </ClInclude>
    <ClInclude Include="PlayDialog.hpp">
      <Filter>Header Files\Dialog</Filter>
    </ClInclude>
    <ClInclude Include="ISerializable.hpp">
      <Filter>Header Files\Interface</Filter>
    </ClInclude>
    <ClInclude Include="IBinarySerializable.hpp">
      <Filter>Header Files\Interface</Filter>
    </ClInclude>
    <ClInclude Include="Configurable.hpp">
      <Filter>Header Files\base</Filter>
    </ClInclude>
  </ItemGroup>
  <ItemGroup>
    <ClCompile Include="Tetris.cpp">
      <Filter>Source Files</Filter>
    </ClCompile>
    <ClCompile Include="Configuration.cpp">
      <Filter>Source Files</Filter>
    </ClCompile>
    <ClCompile Include="Controller.cpp">
      <Filter>Source Files</Filter>
    </ClCompile>
    <ClCompile Include="Drawer.cpp">
      <Filter>Source Files</Filter>
    </ClCompile>
    <ClCompile Include="TetrisShape.cpp">
      <Filter>Source Files</Filter>
    </ClCompile>
    <ClCompile Include="TetrisType.cpp">
      <Filter>Source Files</Filter>
    </ClCompile>
    <ClCompile Include="Utility.cpp">
      <Filter>Source Files</Filter>
    </ClCompile>
    <ClCompile Include="GameFrame.cpp">
      <Filter>Source Files</Filter>
    </ClCompile>
    <ClCompile Include="Mass.cpp">
      <Filter>Source Files</Filter>
    </ClCompile>
    <ClCompile Include="Archive.cpp">
      <Filter>Source Files</Filter>
    </ClCompile>
    <ClCompile Include="Frame.cpp">
      <Filter>Source Files</Filter>
    </ClCompile>
    <ClCompile Include="UnitFrame.cpp">
      <Filter>Source Files</Filter>
    </ClCompile>
    <ClCompile Include="PromptFrame.cpp">
      <Filter>Source Files</Filter>
    </ClCompile>
    <ClCompile Include="InfoFrame.cpp">
      <Filter>Source Files</Filter>
    </ClCompile>
    <ClCompile Include="Background.cpp">
      <Filter>Source Files</Filter>
    </ClCompile>
    <ClCompile Include="Level.cpp">
      <Filter>Source Files</Filter>
    </ClCompile>
    <ClCompile Include="AnimatedGifPoller.cpp">
      <Filter>Source Files</Filter>
    </ClCompile>
    <ClCompile Include="Source.cpp">
      <Filter>Header Files</Filter>
    </ClCompile>
    <ClCompile Include="Music.cpp">
      <Filter>Source Files</Filter>
    </ClCompile>
    <ClCompile Include="Musician.cpp">
      <Filter>Source Files</Filter>
    </ClCompile>
    <ClCompile Include="Recorder.cpp">
      <Filter>Source Files</Filter>
    </ClCompile>
    <ClCompile Include="BinarySerializer.cpp">
      <Filter>Source Files</Filter>
    </ClCompile>
    <ClCompile Include="LoadDialog.cpp">
      <Filter>Source Files\Dialog</Filter>
    </ClCompile>
    <ClCompile Include="SaveDialog.cpp">
      <Filter>Source Files\Dialog</Filter>
    </ClCompile>
    <ClCompile Include="PlayDialog.cpp">
      <Filter>Source Files\Dialog</Filter>
    </ClCompile>
    <ClCompile Include="Configurable.cpp">
      <Filter>Source Files\base</Filter>
    </ClCompile>
  </ItemGroup>
  <ItemGroup>
    <ResourceCompile Include="Tetris.rc">
      <Filter>Resource Files</Filter>
    </ResourceCompile>
  </ItemGroup>
  <ItemGroup>
    <Image Include="small.ico">
      <Filter>Resource Files</Filter>
    </Image>
    <Image Include="Tetris.ico">
      <Filter>Resource Files</Filter>
    </Image>
    <Image Include="inis\icons\pause.png">
      <Filter>inis\icons</Filter>
    </Image>
    <Image Include="inis\icons\resume.png">
      <Filter>inis\icons</Filter>
    </Image>
  </ItemGroup>
  <ItemGroup>
    <Text Include="inis\shapes\B.txt">
      <Filter>inis\shapes</Filter>
    </Text>
    <Text Include="inis\shapes\classic.txt">
      <Filter>inis\shapes</Filter>
    </Text>
    <Text Include="inis\configuration.txt">
      <Filter>inis</Filter>
    </Text>
    <Text Include="readme.txt">
      <Filter>inis</Filter>
    </Text>
    <Text Include="archives\save1.txt">
      <Filter>archives</Filter>
    </Text>
    <Text Include="inis\shapes\penerable_calssic.txt">
      <Filter>inis\shapes</Filter>
    </Text>
    <Text Include="records\record1.txt">
      <Filter>records</Filter>
    </Text>
  </ItemGroup>
  <ItemGroup>
    <Media Include="inis\sound\dropped.mp3">
      <Filter>inis\sound</Filter>
    </Media>
    <Media Include="inis\sound\game over.mp3">
      <Filter>inis\sound</Filter>
    </Media>
    <Media Include="inis\sound\remove.mp3">
      <Filter>inis\sound</Filter>
    </Media>
    <Media Include="inis\sound\rotate.mp3">
      <Filter>inis\sound</Filter>
    </Media>
    <Media Include="inis\sound\step down.mp3">
      <Filter>inis\sound</Filter>
    </Media>
    <Media Include="inis\sound\step horizontal.mp3">
      <Filter>inis\sound</Filter>
    </Media>
  </ItemGroup>
</Project>